
Microsoft Visual Studio Solution File, Format Version 12.00
# Visual Studio 15
VisualStudioVersion = 15.0.28307.1022
MinimumVisualStudioVersion = 10.0.40219.1
Project("{FAE04EC0-301F-11D3-BF4B-00C04F79EFBC}") = "FtpConnect", "FtpConnect\FtpConnect.csproj", "{BD73A573-871A-492C-AAA6-26E207736188}"
EndProject
Project("{FAE04EC0-301F-11D3-BF4B-00C04F79EFBC}") = "TestFtp", "TestFtp\TestFtp.csproj", "{202F8933-1D0A-45B6-B63B-E974A23AAF14}"
EndProject
Global
	GlobalSection(SolutionConfigurationPlatforms) = preSolution
		Debug|Any CPU = Debug|Any CPU
		Release|Any CPU = Release|Any CPU
	EndGlobalSection
	GlobalSection(ProjectConfigurationPlatforms) = postSolution
		{BD73A573-871A-492C-AAA6-26E207736188}.Debug|Any CPU.ActiveCfg = Debug|Any CPU
		{BD73A573-871A-492C-AAA6-26E207736188}.Debug|Any CPU.Build.0 = Debug|Any CPU
		{BD73A573-871A-492C-AAA6-26E207736188}.Release|Any CPU.ActiveCfg = Release|Any CPU
		{BD73A573-871A-492C-AAA6-26E207736188}.Release|Any CPU.Build.0 = Release|Any CPU
		{202F8933-1D0A-45B6-B63B-E974A23AAF14}.Debug|Any CPU.ActiveCfg = Debug|Any CPU
		{202F8933-1D0A-45B6-B63B-E974A23AAF14}.Debug|Any CPU.Build.0 = Debug|Any CPU
		{202F8933-1D0A-45B6-B63B-E974A23AAF14}.Release|Any CPU.ActiveCfg = Release|Any CPU
		{202F8933-1D0A-45B6-B63B-E974A23AAF14}.Release|Any CPU.Build.0 = Release|Any CPU
	EndGlobalSection
	GlobalSection(SolutionProperties) = preSolution
		HideSolutionNode = FALSE
	EndGlobalSection
	GlobalSection(ExtensibilityGlobals) = postSolution
		SolutionGuid = {1A762CE9-D844-4A9B-8D20-63EEC789B38F}
	EndGlobalSection
EndGlobal
